
Microsoft Visual Studio Solution File, Format Version 12.00
# Visual Studio Version 17
VisualStudioVersion = 17.9.34728.123
MinimumVisualStudioVersion = 10.0.40219.1
Project("{FAE04EC0-301F-11D3-BF4B-00C04F79EFBC}") = "Exercício 01", "Exercício 01\Exercício 01.csproj", "{B6D48B19-9AE8-4348-8938-6EB208EBBB1D}"
EndProject
Project("{FAE04EC0-301F-11D3-BF4B-00C04F79EFBC}") = "Exercício 2", "Exercício 2\Exercício 2.csproj", "{09C60FFD-19A3-4AF2-B530-09E60030C171}"
EndProject
Global
	GlobalSection(SolutionConfigurationPlatforms) = preSolution
		Debug|Any CPU = Debug|Any CPU
		Release|Any CPU = Release|Any CPU
	EndGlobalSection
	GlobalSection(ProjectConfigurationPlatforms) = postSolution
		{B6D48B19-9AE8-4348-8938-6EB208EBBB1D}.Debug|Any CPU.ActiveCfg = Debug|Any CPU
		{B6D48B19-9AE8-4348-8938-6EB208EBBB1D}.Debug|Any CPU.Build.0 = Debug|Any CPU
		{B6D48B19-9AE8-4348-8938-6EB208EBBB1D}.Release|Any CPU.ActiveCfg = Release|Any CPU
		{B6D48B19-9AE8-4348-8938-6EB208EBBB1D}.Release|Any CPU.Build.0 = Release|Any CPU
		{09C60FFD-19A3-4AF2-B530-09E60030C171}.Debug|Any CPU.ActiveCfg = Debug|Any CPU
		{09C60FFD-19A3-4AF2-B530-09E60030C171}.Debug|Any CPU.Build.0 = Debug|Any CPU
		{09C60FFD-19A3-4AF2-B530-09E60030C171}.Release|Any CPU.ActiveCfg = Release|Any CPU
		{09C60FFD-19A3-4AF2-B530-09E60030C171}.Release|Any CPU.Build.0 = Release|Any CPU
	EndGlobalSection
	GlobalSection(SolutionProperties) = preSolution
		HideSolutionNode = FALSE
	EndGlobalSection
	GlobalSection(ExtensibilityGlobals) = postSolution
		SolutionGuid = {E37878FD-F212-4BAE-AF35-1EC82645A3A5}
	EndGlobalSection
EndGlobal
