
Microsoft Visual Studio Solution File, Format Version 12.00
# Visual Studio Version 17
VisualStudioVersion = 17.9.34728.123
MinimumVisualStudioVersion = 10.0.40219.1
Project("{FAE04EC0-301F-11D3-BF4B-00C04F79EFBC}") = "Exercício 1", "Exercício 1\Exercício 1.csproj", "{393EDABF-878E-4B46-A8B1-6324232E220B}"
EndProject
Project("{FAE04EC0-301F-11D3-BF4B-00C04F79EFBC}") = "Exercício 02", "Exercício 02\Exercício 02.csproj", "{7FF67A7C-EF15-456D-84FB-512B3CA8DFFA}"
EndProject
Project("{FAE04EC0-301F-11D3-BF4B-00C04F79EFBC}") = "Exercício 03", "Exercício 03\Exercício 03.csproj", "{820D9191-4305-49E7-80D8-306C99E17D7A}"
EndProject
Global
	GlobalSection(SolutionConfigurationPlatforms) = preSolution
		Debug|Any CPU = Debug|Any CPU
		Release|Any CPU = Release|Any CPU
	EndGlobalSection
	GlobalSection(ProjectConfigurationPlatforms) = postSolution
		{393EDABF-878E-4B46-A8B1-6324232E220B}.Debug|Any CPU.ActiveCfg = Debug|Any CPU
		{393EDABF-878E-4B46-A8B1-6324232E220B}.Debug|Any CPU.Build.0 = Debug|Any CPU
		{393EDABF-878E-4B46-A8B1-6324232E220B}.Release|Any CPU.ActiveCfg = Release|Any CPU
		{393EDABF-878E-4B46-A8B1-6324232E220B}.Release|Any CPU.Build.0 = Release|Any CPU
		{7FF67A7C-EF15-456D-84FB-512B3CA8DFFA}.Debug|Any CPU.ActiveCfg = Debug|Any CPU
		{7FF67A7C-EF15-456D-84FB-512B3CA8DFFA}.Debug|Any CPU.Build.0 = Debug|Any CPU
		{7FF67A7C-EF15-456D-84FB-512B3CA8DFFA}.Release|Any CPU.ActiveCfg = Release|Any CPU
		{7FF67A7C-EF15-456D-84FB-512B3CA8DFFA}.Release|Any CPU.Build.0 = Release|Any CPU
		{820D9191-4305-49E7-80D8-306C99E17D7A}.Debug|Any CPU.ActiveCfg = Debug|Any CPU
		{820D9191-4305-49E7-80D8-306C99E17D7A}.Debug|Any CPU.Build.0 = Debug|Any CPU
		{820D9191-4305-49E7-80D8-306C99E17D7A}.Release|Any CPU.ActiveCfg = Release|Any CPU
		{820D9191-4305-49E7-80D8-306C99E17D7A}.Release|Any CPU.Build.0 = Release|Any CPU
	EndGlobalSection
	GlobalSection(SolutionProperties) = preSolution
		HideSolutionNode = FALSE
	EndGlobalSection
	GlobalSection(ExtensibilityGlobals) = postSolution
		SolutionGuid = {92577768-4273-45C8-B676-C83BAB238F06}
	EndGlobalSection
EndGlobal
